
Microsoft Visual Studio Solution File, Format Version 12.00
# Visual Studio Version 16
VisualStudioVersion = 16.0.29728.190
MinimumVisualStudioVersion = 10.0.40219.1
Project("{FAE04EC0-301F-11D3-BF4B-00C04F79EFBC}") = "MatrixSolver", "MatrixSolver\MatrixSolver.csproj", "{505C67C5-418B-480D-B38A-88F4FCD63031}"
EndProject
Global
	GlobalSection(SolutionConfigurationPlatforms) = preSolution
		Debug|Any CPU = Debug|Any CPU
		Release|Any CPU = Release|Any CPU
	EndGlobalSection
	GlobalSection(ProjectConfigurationPlatforms) = postSolution
		{505C67C5-418B-480D-B38A-88F4FCD63031}.Debug|Any CPU.ActiveCfg = Debug|Any CPU
		{505C67C5-418B-480D-B38A-88F4FCD63031}.Debug|Any CPU.Build.0 = Debug|Any CPU
		{505C67C5-418B-480D-B38A-88F4FCD63031}.Release|Any CPU.ActiveCfg = Release|Any CPU
		{505C67C5-418B-480D-B38A-88F4FCD63031}.Release|Any CPU.Build.0 = Release|Any CPU
	EndGlobalSection
	GlobalSection(SolutionProperties) = preSolution
		HideSolutionNode = FALSE
	EndGlobalSection
	GlobalSection(ExtensibilityGlobals) = postSolution
		SolutionGuid = {25262F60-8927-43E6-AE7E-373B15955557}
	EndGlobalSection
EndGlobal
